{
    "requires": true,
    "lockfileVersion": 1,
    "dependencies": {
        "parse5": {
            "version": "5.1.0",
            "resolved": "http://registry.npm.taobao.org/parse5/download/parse5-5.1.0.tgz",
            "integrity": "sha1-xZNByXI/QUxFKXVWTHwApo1YrNI="
        },
        "parse5-parser-stream": {
            "version": "5.1.0",
            "resolved": "http://registry.npm.taobao.org/parse5-parser-stream/download/parse5-parser-stream-5.1.0.tgz",
            "integrity": "sha1-eQLJz5TssuxjUyVenUfVP+g8dhI=",
            "requires": {
                "parse5": "^5.1.0"
            }
        }
    }
}
